// !$*UTF8*$!
{
	archiveVersion = 1;
	classes = {
	};
	objectVersion = 46;
	objects = {

/* Begin PBXBuildFile section */
		7730AEB218FF41E00077BDA0 /* PlayerPositions.m in Sources */ = {isa = PBXBuildFile; fileRef = 7730AEB118FF41E00077BDA0 /* PlayerPositions.m */; };
		77460FC91901DE2300EC1DBD /* GameSettings.m in Sources */ = {isa = PBXBuildFile; fileRef = 77460FC81901DE2300EC1DBD /* GameSettings.m */; };
		77460FCC1901E16E00EC1DBD /* optionsButton.png in Resources */ = {isa = PBXBuildFile; fileRef = 77460FCA1901E16E00EC1DBD /* optionsButton.png */; };
		77460FCD1901E16E00EC1DBD /* optionsButton@2x.png in Resources */ = {isa = PBXBuildFile; fileRef = 77460FCB1901E16E00EC1DBD /* optionsButton@2x.png */; };
		77460FD01901E26C00EC1DBD /* aboutButton.png in Resources */ = {isa = PBXBuildFile; fileRef = 77460FCE1901E26C00EC1DBD /* aboutButton.png */; };
		77460FD11901E26C00EC1DBD /* aboutButton@2x.png in Resources */ = {isa = PBXBuildFile; fileRef = 77460FCF1901E26C00EC1DBD /* aboutButton@2x.png */; };
		77460FD41901EA1200EC1DBD /* backButton.png in Resources */ = {isa = PBXBuildFile; fileRef = 77460FD21901EA1200EC1DBD /* backButton.png */; };
		77460FD51901EA1200EC1DBD /* backButton@2x.png in Resources */ = {isa = PBXBuildFile; fileRef = 77460FD31901EA1200EC1DBD /* backButton@2x.png */; };
		7750B9FC18F914160048F42C /* Map.m in Sources */ = {isa = PBXBuildFile; fileRef = 7750B9FB18F914160048F42C /* Map.m */; };
		7750C83518F8532D008F53DA /* Foundation.framework in Frameworks */ = {isa = PBXBuildFile; fileRef = 7750C83418F8532D008F53DA /* Foundation.framework */; };
		7750C83718F8532D008F53DA /* CoreGraphics.framework in Frameworks */ = {isa = PBXBuildFile; fileRef = 7750C83618F8532D008F53DA /* CoreGraphics.framework */; };
		7750C83918F8532D008F53DA /* UIKit.framework in Frameworks */ = {isa = PBXBuildFile; fileRef = 7750C83818F8532D008F53DA /* UIKit.framework */; };
		7750C83B18F8532D008F53DA /* SpriteKit.framework in Frameworks */ = {isa = PBXBuildFile; fileRef = 7750C83A18F8532D008F53DA /* SpriteKit.framework */; };
		7750C84118F8532D008F53DA /* InfoPlist.strings in Resources */ = {isa = PBXBuildFile; fileRef = 7750C83F18F8532D008F53DA /* InfoPlist.strings */; };
		7750C84318F8532D008F53DA /* main.m in Sources */ = {isa = PBXBuildFile; fileRef = 7750C84218F8532D008F53DA /* main.m */; };
		7750C84718F8532D008F53DA /* AppDelegate.m in Sources */ = {isa = PBXBuildFile; fileRef = 7750C84618F8532D008F53DA /* AppDelegate.m */; };
		7750C84A18F8532D008F53DA /* Main_iPhone.storyboard in Resources */ = {isa = PBXBuildFile; fileRef = 7750C84818F8532D008F53DA /* Main_iPhone.storyboard */; };
		7750C84D18F8532D008F53DA /* Main_iPad.storyboard in Resources */ = {isa = PBXBuildFile; fileRef = 7750C84B18F8532D008F53DA /* Main_iPad.storyboard */; };
		7750C85018F8532D008F53DA /* ViewController.m in Sources */ = {isa = PBXBuildFile; fileRef = 7750C84F18F8532D008F53DA /* ViewController.m */; };
		7750C85318F8532D008F53DA /* MyScene.m in Sources */ = {isa = PBXBuildFile; fileRef = 7750C85218F8532D008F53DA /* MyScene.m */; };
		7750C85718F8532D008F53DA /* Images.xcassets in Resources */ = {isa = PBXBuildFile; fileRef = 7750C85618F8532D008F53DA /* Images.xcassets */; };
		7750C85E18F8532D008F53DA /* XCTest.framework in Frameworks */ = {isa = PBXBuildFile; fileRef = 7750C85D18F8532D008F53DA /* XCTest.framework */; };
		7750C85F18F8532D008F53DA /* Foundation.framework in Frameworks */ = {isa = PBXBuildFile; fileRef = 7750C83418F8532D008F53DA /* Foundation.framework */; };
		7750C86018F8532D008F53DA /* UIKit.framework in Frameworks */ = {isa = PBXBuildFile; fileRef = 7750C83818F8532D008F53DA /* UIKit.framework */; };
		7750C86818F8532D008F53DA /* InfoPlist.strings in Resources */ = {isa = PBXBuildFile; fileRef = 7750C86618F8532D008F53DA /* InfoPlist.strings */; };
		7750C86A18F8532D008F53DA /* CenteyeTests.m in Sources */ = {isa = PBXBuildFile; fileRef = 7750C86918F8532D008F53DA /* CenteyeTests.m */; };
		776BBEF1191935B6000A8FD7 /* backback.png in Resources */ = {isa = PBXBuildFile; fileRef = 776BBEF0191935B6000A8FD7 /* backback.png */; };
		776BBEF3191936E1000A8FD7 /* backback@2x.png in Resources */ = {isa = PBXBuildFile; fileRef = 776BBEF2191936E1000A8FD7 /* backback@2x.png */; };
		776BBEF719194D1D000A8FD7 /* tronbg.png in Resources */ = {isa = PBXBuildFile; fileRef = 776BBEF519194D1D000A8FD7 /* tronbg.png */; };
		776BBEF819194D1D000A8FD7 /* tronbg@2x.png in Resources */ = {isa = PBXBuildFile; fileRef = 776BBEF619194D1D000A8FD7 /* tronbg@2x.png */; };
		776BBEFA19195931000A8FD7 /* boll2@2x.png in Resources */ = {isa = PBXBuildFile; fileRef = 776BBEF919195931000A8FD7 /* boll2@2x.png */; };
		776BBEFC19195C2A000A8FD7 /* boll3@2x.png in Resources */ = {isa = PBXBuildFile; fileRef = 776BBEFB19195C2A000A8FD7 /* boll3@2x.png */; };
		77720AE7190113990082DA58 /* Menu.m in Sources */ = {isa = PBXBuildFile; fileRef = 77720AE6190113990082DA58 /* Menu.m */; };
		77720AEE19011D320082DA58 /* playButton.png in Resources */ = {isa = PBXBuildFile; fileRef = 77720AEC19011D320082DA58 /* playButton.png */; };
		77720AEF19011D320082DA58 /* playButton@2x.png in Resources */ = {isa = PBXBuildFile; fileRef = 77720AED19011D320082DA58 /* playButton@2x.png */; };
		77A54CB618F878FF00D8F691 /* Player.m in Sources */ = {isa = PBXBuildFile; fileRef = 77A54CB518F878FF00D8F691 /* Player.m */; };
		77B69D1319071522006B6007 /* testBall.png in Resources */ = {isa = PBXBuildFile; fileRef = 77B69D1119071522006B6007 /* testBall.png */; };
		77B69D1619071B4E006B6007 /* testBall2@2x.png in Resources */ = {isa = PBXBuildFile; fileRef = 77B69D1519071B4E006B6007 /* testBall2@2x.png */; };
/* End PBXBuildFile section */

/* Begin PBXContainerItemProxy section */
		7750C86118F8532D008F53DA /* PBXContainerItemProxy */ = {
			isa = PBXContainerItemProxy;
			containerPortal = 7750C82918F8532D008F53DA /* Project object */;
			proxyType = 1;
			remoteGlobalIDString = 7750C83018F8532D008F53DA;
			remoteInfo = Centeye;
		};
/* End PBXContainerItemProxy section */

/* Begin PBXFileReference section */
		772A735918FDCBE7000A75C7 /* MapProtocol.h */ = {isa = PBXFileReference; lastKnownFileType = sourcecode.c.h; name = MapProtocol.h; path = ../MapProtocol.h; sourceTree = "<group>"; };
		7730AEB018FF41E00077BDA0 /* PlayerPositions.h */ = {isa = PBXFileReference; fileEncoding = 4; lastKnownFileType = sourcecode.c.h; path = PlayerPositions.h; sourceTree = "<group>"; };
		7730AEB118FF41E00077BDA0 /* PlayerPositions.m */ = {isa = PBXFileReference; fileEncoding = 4; lastKnownFileType = sourcecode.c.objc; path = PlayerPositions.m; sourceTree = "<group>"; };
		77460FC71901DE2300EC1DBD /* GameSettings.h */ = {isa = PBXFileReference; fileEncoding = 4; lastKnownFileType = sourcecode.c.h; path = GameSettings.h; sourceTree = "<group>"; };
		77460FC81901DE2300EC1DBD /* GameSettings.m */ = {isa = PBXFileReference; fileEncoding = 4; lastKnownFileType = sourcecode.c.objc; path = GameSettings.m; sourceTree = "<group>"; };
		77460FCA1901E16E00EC1DBD /* optionsButton.png */ = {isa = PBXFileReference; lastKnownFileType = image.png; path = optionsButton.png; sourceTree = "<group>"; };
		77460FCB1901E16E00EC1DBD /* optionsButton@2x.png */ = {isa = PBXFileReference; lastKnownFileType = image.png; path = "optionsButton@2x.png"; sourceTree = "<group>"; };
		77460FCE1901E26C00EC1DBD /* aboutButton.png */ = {isa = PBXFileReference; lastKnownFileType = image.png; path = aboutButton.png; sourceTree = "<group>"; };
		77460FCF1901E26C00EC1DBD /* aboutButton@2x.png */ = {isa = PBXFileReference; lastKnownFileType = image.png; path = "aboutButton@2x.png"; sourceTree = "<group>"; };
		77460FD21901EA1200EC1DBD /* backButton.png */ = {isa = PBXFileReference; lastKnownFileType = image.png; path = backButton.png; sourceTree = "<group>"; };
		77460FD31901EA1200EC1DBD /* backButton@2x.png */ = {isa = PBXFileReference; lastKnownFileType = image.png; path = "backButton@2x.png"; sourceTree = "<group>"; };
		7750B9FA18F914160048F42C /* Map.h */ = {isa = PBXFileReference; fileEncoding = 4; lastKnownFileType = sourcecode.c.h; path = Map.h; sourceTree = "<group>"; };
		7750B9FB18F914160048F42C /* Map.m */ = {isa = PBXFileReference; fileEncoding = 4; lastKnownFileType = sourcecode.c.objc; path = Map.m; sourceTree = "<group>"; };
		7750C83118F8532D008F53DA /* Centeye.app */ = {isa = PBXFileReference; explicitFileType = wrapper.application; includeInIndex = 0; path = Centeye.app; sourceTree = BUILT_PRODUCTS_DIR; };
		7750C83418F8532D008F53DA /* Foundation.framework */ = {isa = PBXFileReference; lastKnownFileType = wrapper.framework; name = Foundation.framework; path = System/Library/Frameworks/Foundation.framework; sourceTree = SDKROOT; };
		7750C83618F8532D008F53DA /* CoreGraphics.framework */ = {isa = PBXFileReference; lastKnownFileType = wrapper.framework; name = CoreGraphics.framework; path = System/Library/Frameworks/CoreGraphics.framework; sourceTree = SDKROOT; };
		7750C83818F8532D008F53DA /* UIKit.framework */ = {isa = PBXFileReference; lastKnownFileType = wrapper.framework; name = UIKit.framework; path = System/Library/Frameworks/UIKit.framework; sourceTree = SDKROOT; };
		7750C83A18F8532D008F53DA /* SpriteKit.framework */ = {isa = PBXFileReference; lastKnownFileType = wrapper.framework; name = SpriteKit.framework; path = System/Library/Frameworks/SpriteKit.framework; sourceTree = SDKROOT; };
		7750C83E18F8532D008F53DA /* Centeye-Info.plist */ = {isa = PBXFileReference; lastKnownFileType = text.plist.xml; path = "Centeye-Info.plist"; sourceTree = "<group>"; };
		7750C84018F8532D008F53DA /* en */ = {isa = PBXFileReference; lastKnownFileType = text.plist.strings; name = en; path = en.lproj/InfoPlist.strings; sourceTree = "<group>"; };
		7750C84218F8532D008F53DA /* main.m */ = {isa = PBXFileReference; lastKnownFileType = sourcecode.c.objc; path = main.m; sourceTree = "<group>"; };
		7750C84418F8532D008F53DA /* Centeye-Prefix.pch */ = {isa = PBXFileReference; lastKnownFileType = sourcecode.c.h; path = "Centeye-Prefix.pch"; sourceTree = "<group>"; };
		7750C84518F8532D008F53DA /* AppDelegate.h */ = {isa = PBXFileReference; lastKnownFileType = sourcecode.c.h; path = AppDelegate.h; sourceTree = "<group>"; };
		7750C84618F8532D008F53DA /* AppDelegate.m */ = {isa = PBXFileReference; lastKnownFileType = sourcecode.c.objc; path = AppDelegate.m; sourceTree = "<group>"; };
		7750C84918F8532D008F53DA /* Base */ = {isa = PBXFileReference; lastKnownFileType = file.storyboard; name = Base; path = Base.lproj/Main_iPhone.storyboard; sourceTree = "<group>"; };
		7750C84C18F8532D008F53DA /* Base */ = {isa = PBXFileReference; lastKnownFileType = file.storyboard; name = Base; path = Base.lproj/Main_iPad.storyboard; sourceTree = "<group>"; };
		7750C84E18F8532D008F53DA /* ViewController.h */ = {isa = PBXFileReference; lastKnownFileType = sourcecode.c.h; path = ViewController.h; sourceTree = "<group>"; };
		7750C84F18F8532D008F53DA /* ViewController.m */ = {isa = PBXFileReference; lastKnownFileType = sourcecode.c.objc; path = ViewController.m; sourceTree = "<group>"; };
		7750C85118F8532D008F53DA /* MyScene.h */ = {isa = PBXFileReference; lastKnownFileType = sourcecode.c.h; path = MyScene.h; sourceTree = "<group>"; };
		7750C85218F8532D008F53DA /* MyScene.m */ = {isa = PBXFileReference; lastKnownFileType = sourcecode.c.objc; path = MyScene.m; sourceTree = "<group>"; };
		7750C85618F8532D008F53DA /* Images.xcassets */ = {isa = PBXFileReference; lastKnownFileType = folder.assetcatalog; path = Images.xcassets; sourceTree = "<group>"; };
		7750C85C18F8532D008F53DA /* CenteyeTests.xctest */ = {isa = PBXFileReference; explicitFileType = wrapper.cfbundle; includeInIndex = 0; path = CenteyeTests.xctest; sourceTree = BUILT_PRODUCTS_DIR; };
		7750C85D18F8532D008F53DA /* XCTest.framework */ = {isa = PBXFileReference; lastKnownFileType = wrapper.framework; name = XCTest.framework; path = Library/Frameworks/XCTest.framework; sourceTree = DEVELOPER_DIR; };
		7750C86518F8532D008F53DA /* CenteyeTests-Info.plist */ = {isa = PBXFileReference; lastKnownFileType = text.plist.xml; path = "CenteyeTests-Info.plist"; sourceTree = "<group>"; };
		7750C86718F8532D008F53DA /* en */ = {isa = PBXFileReference; lastKnownFileType = text.plist.strings; name = en; path = en.lproj/InfoPlist.strings; sourceTree = "<group>"; };
		7750C86918F8532D008F53DA /* CenteyeTests.m */ = {isa = PBXFileReference; lastKnownFileType = sourcecode.c.objc; path = CenteyeTests.m; sourceTree = "<group>"; };
		776BBEF0191935B6000A8FD7 /* backback.png */ = {isa = PBXFileReference; lastKnownFileType = image.png; path = backback.png; sourceTree = "<group>"; };
		776BBEF2191936E1000A8FD7 /* backback@2x.png */ = {isa = PBXFileReference; lastKnownFileType = image.png; path = "backback@2x.png"; sourceTree = "<group>"; };
		776BBEF519194D1D000A8FD7 /* tronbg.png */ = {isa = PBXFileReference; lastKnownFileType = image.png; path = tronbg.png; sourceTree = "<group>"; };
		776BBEF619194D1D000A8FD7 /* tronbg@2x.png */ = {isa = PBXFileReference; lastKnownFileType = image.png; path = "tronbg@2x.png"; sourceTree = "<group>"; };
		776BBEF919195931000A8FD7 /* boll2@2x.png */ = {isa = PBXFileReference; lastKnownFileType = image.png; path = "boll2@2x.png"; sourceTree = "<group>"; };
		776BBEFB19195C2A000A8FD7 /* boll3@2x.png */ = {isa = PBXFileReference; lastKnownFileType = image.png; path = "boll3@2x.png"; sourceTree = "<group>"; };
		77720AE5190113990082DA58 /* Menu.h */ = {isa = PBXFileReference; fileEncoding = 4; lastKnownFileType = sourcecode.c.h; path = Menu.h; sourceTree = "<group>"; };
		77720AE6190113990082DA58 /* Menu.m */ = {isa = PBXFileReference; fileEncoding = 4; lastKnownFileType = sourcecode.c.objc; path = Menu.m; sourceTree = "<group>"; };
		77720AEC19011D320082DA58 /* playButton.png */ = {isa = PBXFileReference; lastKnownFileType = image.png; path = playButton.png; sourceTree = "<group>"; };
		77720AED19011D320082DA58 /* playButton@2x.png */ = {isa = PBXFileReference; lastKnownFileType = image.png; path = "playButton@2x.png"; sourceTree = "<group>"; };
		77A54CB418F878FF00D8F691 /* Player.h */ = {isa = PBXFileReference; fileEncoding = 4; lastKnownFileType = sourcecode.c.h; path = Player.h; sourceTree = "<group>"; };
		77A54CB518F878FF00D8F691 /* Player.m */ = {isa = PBXFileReference; fileEncoding = 4; lastKnownFileType = sourcecode.c.objc; path = Player.m; sourceTree = "<group>"; };
		77B69D1119071522006B6007 /* testBall.png */ = {isa = PBXFileReference; lastKnownFileType = image.png; path = testBall.png; sourceTree = "<group>"; };
		77B69D1519071B4E006B6007 /* testBall2@2x.png */ = {isa = PBXFileReference; lastKnownFileType = image.png; path = "testBall2@2x.png"; sourceTree = "<group>"; };
/* End PBXFileReference section */

/* Begin PBXFrameworksBuildPhase section */
		7750C82E18F8532D008F53DA /* Frameworks */ = {
			isa = PBXFrameworksBuildPhase;
			buildActionMask = 2147483647;
			files = (
				7750C83718F8532D008F53DA /* CoreGraphics.framework in Frameworks */,
				7750C83918F8532D008F53DA /* UIKit.framework in Frameworks */,
				7750C83B18F8532D008F53DA /* SpriteKit.framework in Frameworks */,
				7750C83518F8532D008F53DA /* Foundation.framework in Frameworks */,
			);
			runOnlyForDeploymentPostprocessing = 0;
		};
		7750C85918F8532D008F53DA /* Frameworks */ = {
			isa = PBXFrameworksBuildPhase;
			buildActionMask = 2147483647;
			files = (
				7750C85E18F8532D008F53DA /* XCTest.framework in Frameworks */,
				7750C86018F8532D008F53DA /* UIKit.framework in Frameworks */,
				7750C85F18F8532D008F53DA /* Foundation.framework in Frameworks */,
			);
			runOnlyForDeploymentPostprocessing = 0;
		};
/* End PBXFrameworksBuildPhase section */

/* Begin PBXGroup section */
		7750C82818F8532D008F53DA = {
			isa = PBXGroup;
			children = (
				7750C83C18F8532D008F53DA /* Centeye */,
				7750C86318F8532D008F53DA /* CenteyeTests */,
				7750C83318F8532D008F53DA /* Frameworks */,
				7750C83218F8532D008F53DA /* Products */,
			);
			sourceTree = "<group>";
		};
		7750C83218F8532D008F53DA /* Products */ = {
			isa = PBXGroup;
			children = (
				7750C83118F8532D008F53DA /* Centeye.app */,
				7750C85C18F8532D008F53DA /* CenteyeTests.xctest */,
			);
			name = Products;
			sourceTree = "<group>";
		};
		7750C83318F8532D008F53DA /* Frameworks */ = {
			isa = PBXGroup;
			children = (
				7750C83418F8532D008F53DA /* Foundation.framework */,
				7750C83618F8532D008F53DA /* CoreGraphics.framework */,
				7750C83818F8532D008F53DA /* UIKit.framework */,
				7750C83A18F8532D008F53DA /* SpriteKit.framework */,
				7750C85D18F8532D008F53DA /* XCTest.framework */,
			);
			name = Frameworks;
			sourceTree = "<group>";
		};
		7750C83C18F8532D008F53DA /* Centeye */ = {
			isa = PBXGroup;
			children = (
				7750C84518F8532D008F53DA /* AppDelegate.h */,
				77720AE8190117DF0082DA58 /* images */,
				7750C84618F8532D008F53DA /* AppDelegate.m */,
				7750C84818F8532D008F53DA /* Main_iPhone.storyboard */,
				7750C84B18F8532D008F53DA /* Main_iPad.storyboard */,
				7750C84E18F8532D008F53DA /* ViewController.h */,
				7750C84F18F8532D008F53DA /* ViewController.m */,
				7750C85118F8532D008F53DA /* MyScene.h */,
				7750C85218F8532D008F53DA /* MyScene.m */,
				7750C85618F8532D008F53DA /* Images.xcassets */,
				7750C83D18F8532D008F53DA /* Supporting Files */,
				77A54CB418F878FF00D8F691 /* Player.h */,
				77A54CB518F878FF00D8F691 /* Player.m */,
				7750B9FA18F914160048F42C /* Map.h */,
				7750B9FB18F914160048F42C /* Map.m */,
				772A735918FDCBE7000A75C7 /* MapProtocol.h */,
				7730AEB018FF41E00077BDA0 /* PlayerPositions.h */,
				7730AEB118FF41E00077BDA0 /* PlayerPositions.m */,
				77720AE5190113990082DA58 /* Menu.h */,
				77720AE6190113990082DA58 /* Menu.m */,
				77460FC71901DE2300EC1DBD /* GameSettings.h */,
				77460FC81901DE2300EC1DBD /* GameSettings.m */,
			);
			path = Centeye;
			sourceTree = "<group>";
		};
		7750C83D18F8532D008F53DA /* Supporting Files */ = {
			isa = PBXGroup;
			children = (
				7750C83E18F8532D008F53DA /* Centeye-Info.plist */,
				7750C83F18F8532D008F53DA /* InfoPlist.strings */,
				7750C84218F8532D008F53DA /* main.m */,
				7750C84418F8532D008F53DA /* Centeye-Prefix.pch */,
			);
			name = "Supporting Files";
			sourceTree = "<group>";
		};
		7750C86318F8532D008F53DA /* CenteyeTests */ = {
			isa = PBXGroup;
			children = (
				7750C86918F8532D008F53DA /* CenteyeTests.m */,
				7750C86418F8532D008F53DA /* Supporting Files */,
			);
			path = CenteyeTests;
			sourceTree = "<group>";
		};
		7750C86418F8532D008F53DA /* Supporting Files */ = {
			isa = PBXGroup;
			children = (
				7750C86518F8532D008F53DA /* CenteyeTests-Info.plist */,
				7750C86618F8532D008F53DA /* InfoPlist.strings */,
			);
			name = "Supporting Files";
			sourceTree = "<group>";
		};
		776BBEF419193920000A8FD7 /* background */ = {
			isa = PBXGroup;
			children = (
				776BBEFB19195C2A000A8FD7 /* boll3@2x.png */,
				776BBEF919195931000A8FD7 /* boll2@2x.png */,
				776BBEF519194D1D000A8FD7 /* tronbg.png */,
				776BBEF619194D1D000A8FD7 /* tronbg@2x.png */,
				776BBEF2191936E1000A8FD7 /* backback@2x.png */,
				776BBEF0191935B6000A8FD7 /* backback.png */,
			);
			name = background;
			sourceTree = "<group>";
		};
		77720AE8190117DF0082DA58 /* images */ = {
			isa = PBXGroup;
			children = (
				776BBEF419193920000A8FD7 /* background */,
				77720AE9190117F00082DA58 /* menu */,
			);
			name = images;
			sourceTree = "<group>";
		};
		77720AE9190117F00082DA58 /* menu */ = {
			isa = PBXGroup;
			children = (
				77B69D1119071522006B6007 /* testBall.png */,
				77B69D1519071B4E006B6007 /* testBall2@2x.png */,
				77460FD21901EA1200EC1DBD /* backButton.png */,
				77460FD31901EA1200EC1DBD /* backButton@2x.png */,
				77460FCE1901E26C00EC1DBD /* aboutButton.png */,
				77460FCF1901E26C00EC1DBD /* aboutButton@2x.png */,
				77460FCA1901E16E00EC1DBD /* optionsButton.png */,
				77460FCB1901E16E00EC1DBD /* optionsButton@2x.png */,
				77720AEC19011D320082DA58 /* playButton.png */,
				77720AED19011D320082DA58 /* playButton@2x.png */,
			);
			name = menu;
			sourceTree = "<group>";
		};
/* End PBXGroup section */

/* Begin PBXNativeTarget section */
		7750C83018F8532D008F53DA /* Centeye */ = {
			isa = PBXNativeTarget;
			buildConfigurationList = 7750C86D18F8532D008F53DA /* Build configuration list for PBXNativeTarget "Centeye" */;
			buildPhases = (
				7750C82D18F8532D008F53DA /* Sources */,
				7750C82E18F8532D008F53DA /* Frameworks */,
				7750C82F18F8532D008F53DA /* Resources */,
			);
			buildRules = (
			);
			dependencies = (
			);
			name = Centeye;
			productName = Centeye;
			productReference = 7750C83118F8532D008F53DA /* Centeye.app */;
			productType = "com.apple.product-type.application";
		};
		7750C85B18F8532D008F53DA /* CenteyeTests */ = {
			isa = PBXNativeTarget;
			buildConfigurationList = 7750C87018F8532D008F53DA /* Build configuration list for PBXNativeTarget "CenteyeTests" */;
			buildPhases = (
				7750C85818F8532D008F53DA /* Sources */,
				7750C85918F8532D008F53DA /* Frameworks */,
				7750C85A18F8532D008F53DA /* Resources */,
			);
			buildRules = (
			);
			dependencies = (
				7750C86218F8532D008F53DA /* PBXTargetDependency */,
			);
			name = CenteyeTests;
			productName = CenteyeTests;
			productReference = 7750C85C18F8532D008F53DA /* CenteyeTests.xctest */;
			productType = "com.apple.product-type.bundle.unit-test";
		};
/* End PBXNativeTarget section */

/* Begin PBXProject section */
		7750C82918F8532D008F53DA /* Project object */ = {
			isa = PBXProject;
			attributes = {
				LastUpgradeCheck = 0510;
				ORGANIZATIONNAME = "Viktor Nilsson";
				TargetAttributes = {
					7750C83018F8532D008F53DA = {
						DevelopmentTeam = MYD93D423D;
					};
					7750C85B18F8532D008F53DA = {
						TestTargetID = 7750C83018F8532D008F53DA;
					};
				};
			};
			buildConfigurationList = 7750C82C18F8532D008F53DA /* Build configuration list for PBXProject "Centeye" */;
			compatibilityVersion = "Xcode 3.2";
			developmentRegion = English;
			hasScannedForEncodings = 0;
			knownRegions = (
				en,
				Base,
			);
			mainGroup = 7750C82818F8532D008F53DA;
			productRefGroup = 7750C83218F8532D008F53DA /* Products */;
			projectDirPath = "";
			projectRoot = "";
			targets = (
				7750C83018F8532D008F53DA /* Centeye */,
				7750C85B18F8532D008F53DA /* CenteyeTests */,
			);
		};
/* End PBXProject section */

/* Begin PBXResourcesBuildPhase section */
		7750C82F18F8532D008F53DA /* Resources */ = {
			isa = PBXResourcesBuildPhase;
			buildActionMask = 2147483647;
			files = (
				776BBEF819194D1D000A8FD7 /* tronbg@2x.png in Resources */,
				776BBEFC19195C2A000A8FD7 /* boll3@2x.png in Resources */,
				77460FCD1901E16E00EC1DBD /* optionsButton@2x.png in Resources */,
				77460FD51901EA1200EC1DBD /* backButton@2x.png in Resources */,
				77720AEF19011D320082DA58 /* playButton@2x.png in Resources */,
				77720AEE19011D320082DA58 /* playButton.png in Resources */,
				7750C85718F8532D008F53DA /* Images.xcassets in Resources */,
				77B69D1319071522006B6007 /* testBall.png in Resources */,
				776BBEF1191935B6000A8FD7 /* backback.png in Resources */,
				77B69D1619071B4E006B6007 /* testBall2@2x.png in Resources */,
				776BBEF719194D1D000A8FD7 /* tronbg.png in Resources */,
				77460FD11901E26C00EC1DBD /* aboutButton@2x.png in Resources */,
				77460FCC1901E16E00EC1DBD /* optionsButton.png in Resources */,
				7750C84D18F8532D008F53DA /* Main_iPad.storyboard in Resources */,
				77460FD01901E26C00EC1DBD /* aboutButton.png in Resources */,
				7750C84A18F8532D008F53DA /* Main_iPhone.storyboard in Resources */,
				776BBEFA19195931000A8FD7 /* boll2@2x.png in Resources */,
				77460FD41901EA1200EC1DBD /* backButton.png in Resources */,
				776BBEF3191936E1000A8FD7 /* backback@2x.png in Resources */,
				7750C84118F8532D008F53DA /* InfoPlist.strings in Resources */,
			);
			runOnlyForDeploymentPostprocessing = 0;
		};
		7750C85A18F8532D008F53DA /* Resources */ = {
			isa = PBXResourcesBuildPhase;
			buildActionMask = 2147483647;
			files = (
				7750C86818F8532D008F53DA /* InfoPlist.strings in Resources */,
			);
			runOnlyForDeploymentPostprocessing = 0;
		};
/* End PBXResourcesBuildPhase section */

/* Begin PBXSourcesBuildPhase section */
		7750C82D18F8532D008F53DA /* Sources */ = {
			isa = PBXSourcesBuildPhase;
			buildActionMask = 2147483647;
			files = (
				77460FC91901DE2300EC1DBD /* GameSettings.m in Sources */,
				7750C85318F8532D008F53DA /* MyScene.m in Sources */,
				7750B9FC18F914160048F42C /* Map.m in Sources */,
				7750C85018F8532D008F53DA /* ViewController.m in Sources */,
				7750C84718F8532D008F53DA /* AppDelegate.m in Sources */,
				7750C84318F8532D008F53DA /* main.m in Sources */,
				77A54CB618F878FF00D8F691 /* Player.m in Sources */,
				77720AE7190113990082DA58 /* Menu.m in Sources */,
				7730AEB218FF41E00077BDA0 /* PlayerPositions.m in Sources */,
			);
			runOnlyForDeploymentPostprocessing = 0;
		};
		7750C85818F8532D008F53DA /* Sources */ = {
			isa = PBXSourcesBuildPhase;
			buildActionMask = 2147483647;
			files = (
				7750C86A18F8532D008F53DA /* CenteyeTests.m in Sources */,
			);
			runOnlyForDeploymentPostprocessing = 0;
		};
/* End PBXSourcesBuildPhase section */

/* Begin PBXTargetDependency section */
		7750C86218F8532D008F53DA /* PBXTargetDependency */ = {
			isa = PBXTargetDependency;
			target = 7750C83018F8532D008F53DA /* Centeye */;
			targetProxy = 7750C86118F8532D008F53DA /* PBXContainerItemProxy */;
		};
/* End PBXTargetDependency section */

/* Begin PBXVariantGroup section */
		7750C83F18F8532D008F53DA /* InfoPlist.strings */ = {
			isa = PBXVariantGroup;
			children = (
				7750C84018F8532D008F53DA /* en */,
			);
			name = InfoPlist.strings;
			sourceTree = "<group>";
		};
		7750C84818F8532D008F53DA /* Main_iPhone.storyboard */ = {
			isa = PBXVariantGroup;
			children = (
				7750C84918F8532D008F53DA /* Base */,
			);
			name = Main_iPhone.storyboard;
			sourceTree = "<group>";
		};
		7750C84B18F8532D008F53DA /* Main_iPad.storyboard */ = {
			isa = PBXVariantGroup;
			children = (
				7750C84C18F8532D008F53DA /* Base */,
			);
			name = Main_iPad.storyboard;
			sourceTree = "<group>";
		};
		7750C86618F8532D008F53DA /* InfoPlist.strings */ = {
			isa = PBXVariantGroup;
			children = (
				7750C86718F8532D008F53DA /* en */,
			);
			name = InfoPlist.strings;
			sourceTree = "<group>";
		};
/* End PBXVariantGroup section */

/* Begin XCBuildConfiguration section */
		7750C86B18F8532D008F53DA /* Debug */ = {
			isa = XCBuildConfiguration;
			buildSettings = {
				ALWAYS_SEARCH_USER_PATHS = NO;
				CLANG_CXX_LANGUAGE_STANDARD = "gnu++0x";
				CLANG_CXX_LIBRARY = "libc++";
				CLANG_ENABLE_MODULES = YES;
				CLANG_ENABLE_OBJC_ARC = YES;
				CLANG_WARN_BOOL_CONVERSION = YES;
				CLANG_WARN_CONSTANT_CONVERSION = YES;
				CLANG_WARN_DIRECT_OBJC_ISA_USAGE = YES_ERROR;
				CLANG_WARN_EMPTY_BODY = YES;
				CLANG_WARN_ENUM_CONVERSION = YES;
				CLANG_WARN_INT_CONVERSION = YES;
				CLANG_WARN_OBJC_ROOT_CLASS = YES_ERROR;
				CLANG_WARN__DUPLICATE_METHOD_MATCH = YES;
				"CODE_SIGN_IDENTITY[sdk=iphoneos*]" = "iPhone Developer";
				COPY_PHASE_STRIP = NO;
				GCC_C_LANGUAGE_STANDARD = gnu99;
				GCC_DYNAMIC_NO_PIC = NO;
				GCC_OPTIMIZATION_LEVEL = 0;
				GCC_PREPROCESSOR_DEFINITIONS = (
					"DEBUG=1",
					"$(inherited)",
				);
				GCC_SYMBOLS_PRIVATE_EXTERN = NO;
				GCC_WARN_64_TO_32_BIT_CONVERSION = YES;
				GCC_WARN_ABOUT_RETURN_TYPE = YES_ERROR;
				GCC_WARN_UNDECLARED_SELECTOR = YES;
				GCC_WARN_UNINITIALIZED_AUTOS = YES_AGGRESSIVE;
				GCC_WARN_UNUSED_FUNCTION = YES;
				GCC_WARN_UNUSED_VARIABLE = YES;
				IPHONEOS_DEPLOYMENT_TARGET = 7.1;
				ONLY_ACTIVE_ARCH = YES;
				SDKROOT = iphoneos;
				TARGETED_DEVICE_FAMILY = "1,2";
			};
			name = Debug;
		};
		7750C86C18F8532D008F53DA /* Release */ = {
			isa = XCBuildConfiguration;
			buildSettings = {
				ALWAYS_SEARCH_USER_PATHS = NO;
				CLANG_CXX_LANGUAGE_STANDARD = "gnu++0x";
				CLANG_CXX_LIBRARY = "libc++";
				CLANG_ENABLE_MODULES = YES;
				CLANG_ENABLE_OBJC_ARC = YES;
				CLANG_WARN_BOOL_CONVERSION = YES;
				CLANG_WARN_CONSTANT_CONVERSION = YES;
				CLANG_WARN_DIRECT_OBJC_ISA_USAGE = YES_ERROR;
				CLANG_WARN_EMPTY_BODY = YES;
				CLANG_WARN_ENUM_CONVERSION = YES;
				CLANG_WARN_INT_CONVERSION = YES;
				CLANG_WARN_OBJC_ROOT_CLASS = YES_ERROR;
				CLANG_WARN__DUPLICATE_METHOD_MATCH = YES;
				"CODE_SIGN_IDENTITY[sdk=iphoneos*]" = "iPhone Developer";
				COPY_PHASE_STRIP = YES;
				ENABLE_NS_ASSERTIONS = NO;
				GCC_C_LANGUAGE_STANDARD = gnu99;
				GCC_WARN_64_TO_32_BIT_CONVERSION = YES;
				GCC_WARN_ABOUT_RETURN_TYPE = YES_ERROR;
				GCC_WARN_UNDECLARED_SELECTOR = YES;
				GCC_WARN_UNINITIALIZED_AUTOS = YES_AGGRESSIVE;
				GCC_WARN_UNUSED_FUNCTION = YES;
				GCC_WARN_UNUSED_VARIABLE = YES;
				IPHONEOS_DEPLOYMENT_TARGET = 7.1;
				SDKROOT = iphoneos;
				TARGETED_DEVICE_FAMILY = "1,2";
				VALIDATE_PRODUCT = YES;
			};
			name = Release;
		};
		7750C86E18F8532D008F53DA /* Debug */ = {
			isa = XCBuildConfiguration;
			buildSettings = {
				ASSETCATALOG_COMPILER_APPICON_NAME = AppIcon;
				ASSETCATALOG_COMPILER_LAUNCHIMAGE_NAME = LaunchImage;
				CODE_SIGN_IDENTITY = "iPhone Developer";
				"CODE_SIGN_IDENTITY[sdk=iphoneos*]" = "iPhone Developer";
				GCC_PRECOMPILE_PREFIX_HEADER = YES;
				GCC_PREFIX_HEADER = "Centeye/Centeye-Prefix.pch";
				INFOPLIST_FILE = "Centeye/Centeye-Info.plist";
				IPHONEOS_DEPLOYMENT_TARGET = 7.1;
				PRODUCT_NAME = "$(TARGET_NAME)";
				PROVISIONING_PROFILE = "";
				SPRITEKIT_TEXTURE_ATLAS_OUTPUT = YES;
				TARGETED_DEVICE_FAMILY = "1,2";
				WRAPPER_EXTENSION = app;
			};
			name = Debug;
		};
		7750C86F18F8532D008F53DA /* Release */ = {
			isa = XCBuildConfiguration;
			buildSettings = {
				ASSETCATALOG_COMPILER_APPICON_NAME = AppIcon;
				ASSETCATALOG_COMPILER_LAUNCHIMAGE_NAME = LaunchImage;
				CODE_SIGN_IDENTITY = "iPhone Developer";
				"CODE_SIGN_IDENTITY[sdk=iphoneos*]" = "iPhone Developer";
				GCC_PRECOMPILE_PREFIX_HEADER = YES;
				GCC_PREFIX_HEADER = "Centeye/Centeye-Prefix.pch";
				INFOPLIST_FILE = "Centeye/Centeye-Info.plist";
				IPHONEOS_DEPLOYMENT_TARGET = 7.1;
				PRODUCT_NAME = "$(TARGET_NAME)";
				PROVISIONING_PROFILE = "";
				SPRITEKIT_TEXTURE_ATLAS_OUTPUT = YES;
				TARGETED_DEVICE_FAMILY = "1,2";
				WRAPPER_EXTENSION = app;
			};
			name = Release;
		};
		7750C87118F8532D008F53DA /* Debug */ = {
			isa = XCBuildConfiguration;
			buildSettings = {
				BUNDLE_LOADER = "$(BUILT_PRODUCTS_DIR)/Centeye.app/Centeye";
				FRAMEWORK_SEARCH_PATHS = (
					"$(SDKROOT)/Developer/Library/Frameworks",
					"$(inherited)",
					"$(DEVELOPER_FRAMEWORKS_DIR)",
				);
				GCC_PRECOMPILE_PREFIX_HEADER = YES;
				GCC_PREFIX_HEADER = "Centeye/Centeye-Prefix.pch";
				GCC_PREPROCESSOR_DEFINITIONS = (
					"DEBUG=1",
					"$(inherited)",
				);
				INFOPLIST_FILE = "CenteyeTests/CenteyeTests-Info.plist";
				PRODUCT_NAME = "$(TARGET_NAME)";
				TEST_HOST = "$(BUNDLE_LOADER)";
				WRAPPER_EXTENSION = xctest;
			};
			name = Debug;
		};
		7750C87218F8532D008F53DA /* Release */ = {
			isa = XCBuildConfiguration;
			buildSettings = {
				BUNDLE_LOADER = "$(BUILT_PRODUCTS_DIR)/Centeye.app/Centeye";
				FRAMEWORK_SEARCH_PATHS = (
					"$(SDKROOT)/Developer/Library/Frameworks",
					"$(inherited)",
					"$(DEVELOPER_FRAMEWORKS_DIR)",
				);
				GCC_PRECOMPILE_PREFIX_HEADER = YES;
				GCC_PREFIX_HEADER = "Centeye/Centeye-Prefix.pch";
				INFOPLIST_FILE = "CenteyeTests/CenteyeTests-Info.plist";
				PRODUCT_NAME = "$(TARGET_NAME)";
				TEST_HOST = "$(BUNDLE_LOADER)";
				WRAPPER_EXTENSION = xctest;
			};
			name = Release;
		};
/* End XCBuildConfiguration section */

/* Begin XCConfigurationList section */
		7750C82C18F8532D008F53DA /* Build configuration list for PBXProject "Centeye" */ = {
			isa = XCConfigurationList;
			buildConfigurations = (
				7750C86B18F8532D008F53DA /* Debug */,
				7750C86C18F8532D008F53DA /* Release */,
			);
			defaultConfigurationIsVisible = 0;
			defaultConfigurationName = Release;
		};
		7750C86D18F8532D008F53DA /* Build configuration list for PBXNativeTarget "Centeye" */ = {
			isa = XCConfigurationList;
			buildConfigurations = (
				7750C86E18F8532D008F53DA /* Debug */,
				7750C86F18F8532D008F53DA /* Release */,
			);
			defaultConfigurationIsVisible = 0;
			defaultConfigurationName = Release;
		};
		7750C87018F8532D008F53DA /* Build configuration list for PBXNativeTarget "CenteyeTests" */ = {
			isa = XCConfigurationList;
			buildConfigurations = (
				7750C87118F8532D008F53DA /* Debug */,
				7750C87218F8532D008F53DA /* Release */,
			);
			defaultConfigurationIsVisible = 0;
			defaultConfigurationName = Release;
		};
/* End XCConfigurationList section */
	};
	rootObject = 7750C82918F8532D008F53DA /* Project object */;
}
